{
  "lockfileVersion": 1,
  "configVersion": 1,
  "workspaces": {
    "": {
      "name": "iroh-desktop-peer",
      "dependencies": {
        "@number0/iroh": "^1.1.0",
      },
    },
  },
  "packages": {
    "@number0/iroh": ["@number0/iroh@1.1.0", "", { "optionalDependencies": { "@number0/iroh-android-arm-eabi": "1.1.0", "@number0/iroh-android-arm64": "1.1.0", "@number0/iroh-darwin-arm64": "1.1.0", "@number0/iroh-linux-arm-gnueabihf": "1.1.0", "@number0/iroh-linux-arm-musleabihf": "1.1.0", "@number0/iroh-linux-arm64-gnu": "1.1.0", "@number0/iroh-linux-arm64-musl": "1.1.0", "@number0/iroh-linux-x64-gnu": "1.1.0", "@number0/iroh-linux-x64-musl": "1.1.0", "@number0/iroh-win32-arm64-msvc": "1.1.0", "@number0/iroh-win32-x64-msvc": "1.1.0" } }, "sha512-DlrJ4Sza5MiI+WwQg63lg+7eSbxlfQR2Bd+wVDjo7XTqenALD2OCRoSfPTuD12IhcvDbVHr4l7qH48DilocqYA=="],

    "@number0/iroh-android-arm-eabi": ["@number0/iroh-android-arm-eabi@1.1.0", "", { "os": "android", "cpu": "arm" }, "sha512-PcrwZUGdqEnR0/tus0ehulEa68wVrJRJzFjZN5iBV1Jjhgy00oQ5hKtRdCam1lYAQp3jWmRGktLHF2ejj0xAMg=="],

    "@number0/iroh-android-arm64": ["@number0/iroh-android-arm64@1.1.0", "", { "os": "android", "cpu": "arm64" }, "sha512-wmnWLRNIHYARAecXbXPwZwduoFkmI+Bt75RSa+NZ3mdXiU+hBwWbHt7x0OEDtG8sMOgGgM22nqWemeU9r+UPqA=="],

    "@number0/iroh-darwin-arm64": ["@number0/iroh-darwin-arm64@1.1.0", "", { "os": "darwin", "cpu": "arm64" }, "sha512-CM6gaQ+6r9K0HRswc2gOKeGL8XYUHUbz7ESkgOltBFin9OsYKmIo+JVYFxlahH8C7ypGEKq1ybU22Ifcf2kXnQ=="],

    "@number0/iroh-linux-arm-gnueabihf": ["@number0/iroh-linux-arm-gnueabihf@1.1.0", "", { "os": "linux", "cpu": "arm" }, "sha512-5K4Kaz4gzyPo5s5LLAFO0zLXc2F0EZ3BXeMKzQc5zuPaeHQt4XqdwxozXVtn0/3EiUYqFNH1JIowagpwahxAlw=="],

    "@number0/iroh-linux-arm-musleabihf": ["@number0/iroh-linux-arm-musleabihf@1.1.0", "", { "os": "linux", "cpu": "arm" }, "sha512-Bz/vWWauI9t96imq8Jq1a2La4u5K9jVTjuCgm6gjpcFIp7wivfv4syZ4HlbgVD61C3Aqjb89lnlhzMd5qE/w0w=="],

    "@number0/iroh-linux-arm64-gnu": ["@number0/iroh-linux-arm64-gnu@1.1.0", "", { "os": "linux", "cpu": "arm64" }, "sha512-AZHpCKQEcJdXya9llNld5u+S2Cz+ehWgGzILtpEJ1qljNYJAClDovzA+5ehUVaXEc+P7ZUNQ+pIjMcWXM0cAug=="],

    "@number0/iroh-linux-arm64-musl": ["@number0/iroh-linux-arm64-musl@1.1.0", "", { "os": "linux", "cpu": "arm64" }, "sha512-4ZS/U2L4+zk2E5cn5WmxxuUDTkdwWiyxRq0NFArRQNFbuH7mjtQok2aDIbOIFOIrTTB4x1hwb4Gt0OJw4om4SQ=="],

    "@number0/iroh-linux-x64-gnu": ["@number0/iroh-linux-x64-gnu@1.1.0", "", { "os": "linux", "cpu": "x64" }, "sha512-P2mo734gUjrfJgwbma1fHAyfeWqtY5IHTx53b1peei2/05JKZ2JJ4LS/YzI4qYW20mVtLKD9GS0T3q/iFYVC9Q=="],

    "@number0/iroh-linux-x64-musl": ["@number0/iroh-linux-x64-musl@1.1.0", "", { "os": "linux", "cpu": "x64" }, "sha512-GTnr8v59AeS5iGmXLyqcgLCsTAFW2w6tdfDzjyyCYr6iO3h4vZuBv9HG3CwaVU+vOzzig9ojDzauDLgl96nniw=="],

    "@number0/iroh-win32-arm64-msvc": ["@number0/iroh-win32-arm64-msvc@1.1.0", "", { "os": "win32", "cpu": "arm64" }, "sha512-LvG4Vcw8D7tFAxZpuZsh6rmyW1YmtS3McDIQjEUNhf9VNBFzQ7WHyEIxdr1GAg/HvC8rmPJ1MQBM24RCDbdUew=="],

    "@number0/iroh-win32-x64-msvc": ["@number0/iroh-win32-x64-msvc@1.1.0", "", { "os": "win32", "cpu": "x64" }, "sha512-1eSztLtesLu2tHdAgr9KNPBsSVdiz2+MDHNvCVDtH+UQAN8F+21YqAAbRJB0ctBvB5zcGeTwYawGaqVMTyRVJg=="],
  }
}
